
Microsoft Visual Studio Solution File, Format Version 12.00
# Visual Studio Version 17
VisualStudioVersion = 17.5.33530.505
MinimumVisualStudioVersion = 10.0.40219.1
Project("{FAE04EC0-301F-11D3-BF4B-00C04F79EFBC}") = "APIContas", "APIContas\APIContas.csproj", "{13EFF2F7-61DE-4C5B-AE9D-4877B0D3CDAD}"
EndProject
Global
	GlobalSection(SolutionConfigurationPlatforms) = preSolution
		Debug|Any CPU = Debug|Any CPU
		Release|Any CPU = Release|Any CPU
	EndGlobalSection
	GlobalSection(ProjectConfigurationPlatforms) = postSolution
		{13EFF2F7-61DE-4C5B-AE9D-4877B0D3CDAD}.Debug|Any CPU.ActiveCfg = Debug|Any CPU
		{13EFF2F7-61DE-4C5B-AE9D-4877B0D3CDAD}.Debug|Any CPU.Build.0 = Debug|Any CPU
		{13EFF2F7-61DE-4C5B-AE9D-4877B0D3CDAD}.Release|Any CPU.ActiveCfg = Release|Any CPU
		{13EFF2F7-61DE-4C5B-AE9D-4877B0D3CDAD}.Release|Any CPU.Build.0 = Release|Any CPU
	EndGlobalSection
	GlobalSection(SolutionProperties) = preSolution
		HideSolutionNode = FALSE
	EndGlobalSection
	GlobalSection(ExtensibilityGlobals) = postSolution
		SolutionGuid = {E0B05D17-7219-4FB2-8398-7DDA0347FF1A}
	EndGlobalSection
EndGlobal
